
Microsoft Visual Studio Solution File, Format Version 12.00
# Visual Studio Version 17
VisualStudioVersion = 17.6.33815.320
MinimumVisualStudioVersion = 10.0.40219.1
Project("{9A19103F-16F7-4668-BE54-9A1E7A4F7556}") = "Lesson7", "Lesson\Lesson7.csproj", "{5F48ED96-88D7-4FB9-A2F5-C7F034CF40ED}"
EndProject
Project("{9A19103F-16F7-4668-BE54-9A1E7A4F7556}") = "Lesson8", "Lesson8\Lesson8.csproj", "{9220503B-2D99-43D7-9B57-111A529D06DF}"
EndProject
Project("{9A19103F-16F7-4668-BE54-9A1E7A4F7556}") = "Lesson9", "Lesson9\Lesson9.csproj", "{BA386901-61CE-4CFF-8FE2-41177F71F803}"
EndProject
Project("{9A19103F-16F7-4668-BE54-9A1E7A4F7556}") = "Lesson10", "Lesson10\Lesson10.csproj", "{25372BD5-66D9-4169-A7BA-A94128AFAFD2}"
EndProject
Project("{FAE04EC0-301F-11D3-BF4B-00C04F79EFBC}") = "Lesson11_Сlass", "Lesson11_Сlass\Lesson11_Сlass.csproj", "{5C4F5CB0-D0A8-4940-B424-C5FF71943BBD}"
EndProject
Project("{FAE04EC0-301F-11D3-BF4B-00C04F79EFBC}") = "Lesson12_Encapsulation", "Lesson12_Encapsulation\Lesson12_Encapsulation.csproj", "{B2BD9A98-EA0B-4DFE-9017-F2BBA2EF0574}"
EndProject
Global
	GlobalSection(SolutionConfigurationPlatforms) = preSolution
		Debug|Any CPU = Debug|Any CPU
		Release|Any CPU = Release|Any CPU
	EndGlobalSection
	GlobalSection(ProjectConfigurationPlatforms) = postSolution
		{5F48ED96-88D7-4FB9-A2F5-C7F034CF40ED}.Debug|Any CPU.ActiveCfg = Debug|Any CPU
		{5F48ED96-88D7-4FB9-A2F5-C7F034CF40ED}.Debug|Any CPU.Build.0 = Debug|Any CPU
		{5F48ED96-88D7-4FB9-A2F5-C7F034CF40ED}.Release|Any CPU.ActiveCfg = Release|Any CPU
		{5F48ED96-88D7-4FB9-A2F5-C7F034CF40ED}.Release|Any CPU.Build.0 = Release|Any CPU
		{9220503B-2D99-43D7-9B57-111A529D06DF}.Debug|Any CPU.ActiveCfg = Debug|Any CPU
		{9220503B-2D99-43D7-9B57-111A529D06DF}.Debug|Any CPU.Build.0 = Debug|Any CPU
		{9220503B-2D99-43D7-9B57-111A529D06DF}.Release|Any CPU.ActiveCfg = Release|Any CPU
		{9220503B-2D99-43D7-9B57-111A529D06DF}.Release|Any CPU.Build.0 = Release|Any CPU
		{BA386901-61CE-4CFF-8FE2-41177F71F803}.Debug|Any CPU.ActiveCfg = Debug|Any CPU
		{BA386901-61CE-4CFF-8FE2-41177F71F803}.Debug|Any CPU.Build.0 = Debug|Any CPU
		{BA386901-61CE-4CFF-8FE2-41177F71F803}.Release|Any CPU.ActiveCfg = Release|Any CPU
		{BA386901-61CE-4CFF-8FE2-41177F71F803}.Release|Any CPU.Build.0 = Release|Any CPU
		{25372BD5-66D9-4169-A7BA-A94128AFAFD2}.Debug|Any CPU.ActiveCfg = Debug|Any CPU
		{25372BD5-66D9-4169-A7BA-A94128AFAFD2}.Debug|Any CPU.Build.0 = Debug|Any CPU
		{25372BD5-66D9-4169-A7BA-A94128AFAFD2}.Release|Any CPU.ActiveCfg = Release|Any CPU
		{25372BD5-66D9-4169-A7BA-A94128AFAFD2}.Release|Any CPU.Build.0 = Release|Any CPU
		{5C4F5CB0-D0A8-4940-B424-C5FF71943BBD}.Debug|Any CPU.ActiveCfg = Debug|Any CPU
		{5C4F5CB0-D0A8-4940-B424-C5FF71943BBD}.Debug|Any CPU.Build.0 = Debug|Any CPU
		{5C4F5CB0-D0A8-4940-B424-C5FF71943BBD}.Release|Any CPU.ActiveCfg = Release|Any CPU
		{5C4F5CB0-D0A8-4940-B424-C5FF71943BBD}.Release|Any CPU.Build.0 = Release|Any CPU
		{B2BD9A98-EA0B-4DFE-9017-F2BBA2EF0574}.Debug|Any CPU.ActiveCfg = Debug|Any CPU
		{B2BD9A98-EA0B-4DFE-9017-F2BBA2EF0574}.Debug|Any CPU.Build.0 = Debug|Any CPU
		{B2BD9A98-EA0B-4DFE-9017-F2BBA2EF0574}.Release|Any CPU.ActiveCfg = Release|Any CPU
		{B2BD9A98-EA0B-4DFE-9017-F2BBA2EF0574}.Release|Any CPU.Build.0 = Release|Any CPU
	EndGlobalSection
	GlobalSection(SolutionProperties) = preSolution
		HideSolutionNode = FALSE
	EndGlobalSection
	GlobalSection(ExtensibilityGlobals) = postSolution
		SolutionGuid = {0EC2BD01-3DFC-4013-BFF6-3EB2E7D6FE9A}
	EndGlobalSection
EndGlobal
